// !$*UTF8*$!
{
	archiveVersion = 1;
	classes = {
	};
	objectVersion = 46;
	objects = {

/* Begin PBXBuildFile section */
		0F921EF41BACAEF50057E12A /* AppDelegate.swift in Sources */ = {isa = PBXBuildFile; fileRef = 0F921EF31BACAEF50057E12A /* AppDelegate.swift */; };
		0F921EF61BACAEF50057E12A /* ViewController.swift in Sources */ = {isa = PBXBuildFile; fileRef = 0F921EF51BACAEF50057E12A /* ViewController.swift */; };
		0F921EF91BACAEF50057E12A /* Main.storyboard in Resources */ = {isa = PBXBuildFile; fileRef = 0F921EF71BACAEF50057E12A /* Main.storyboard */; };
		0F921EFB1BACAEF50057E12A /* Assets.xcassets in Resources */ = {isa = PBXBuildFile; fileRef = 0F921EFA1BACAEF50057E12A /* Assets.xcassets */; };
		0F921EFE1BACAEF50057E12A /* LaunchScreen.storyboard in Resources */ = {isa = PBXBuildFile; fileRef = 0F921EFC1BACAEF50057E12A /* LaunchScreen.storyboard */; };
		0F921F091BACAEF50057E12A /* madLibsTests.swift in Sources */ = {isa = PBXBuildFile; fileRef = 0F921F081BACAEF50057E12A /* madLibsTests.swift */; };
		0F921F141BACAEF50057E12A /* madLibsUITests.swift in Sources */ = {isa = PBXBuildFile; fileRef = 0F921F131BACAEF50057E12A /* madLibsUITests.swift */; };
		0F921F221BACB14C0057E12A /* SecondViewController.swift in Sources */ = {isa = PBXBuildFile; fileRef = 0F921F211BACB14C0057E12A /* SecondViewController.swift */; settings = {ASSET_TAGS = (); }; };
		0F921F241BACB86C0057E12A /* ThirdViewController.swift in Sources */ = {isa = PBXBuildFile; fileRef = 0F921F231BACB86C0057E12A /* ThirdViewController.swift */; settings = {ASSET_TAGS = (); }; };
		0F921F2A1BACBA3E0057E12A /* madlib0_simple.txt in Resources */ = {isa = PBXBuildFile; fileRef = 0F921F251BACBA3E0057E12A /* madlib0_simple.txt */; settings = {ASSET_TAGS = (); }; };
		0F921F2B1BACBA3E0057E12A /* madlib1_tarzan.txt in Resources */ = {isa = PBXBuildFile; fileRef = 0F921F261BACBA3E0057E12A /* madlib1_tarzan.txt */; settings = {ASSET_TAGS = (); }; };
		0F921F2C1BACBA3E0057E12A /* madlib2_university.txt in Resources */ = {isa = PBXBuildFile; fileRef = 0F921F271BACBA3E0057E12A /* madlib2_university.txt */; settings = {ASSET_TAGS = (); }; };
		0F921F2D1BACBA3E0057E12A /* madlib3_clothes.txt in Resources */ = {isa = PBXBuildFile; fileRef = 0F921F281BACBA3E0057E12A /* madlib3_clothes.txt */; settings = {ASSET_TAGS = (); }; };
		0F921F2E1BACBA3E0057E12A /* madlib4_dance.txt in Resources */ = {isa = PBXBuildFile; fileRef = 0F921F291BACBA3E0057E12A /* madlib4_dance.txt */; settings = {ASSET_TAGS = (); }; };
		0F921F301BACBD440057E12A /* MadLibs.swift in Sources */ = {isa = PBXBuildFile; fileRef = 0F921F2F1BACBD440057E12A /* MadLibs.swift */; settings = {ASSET_TAGS = (); }; };
		0F921F321BACEBD80057E12A /* madlibs.png in Resources */ = {isa = PBXBuildFile; fileRef = 0F921F311BACEBD80057E12A /* madlibs.png */; settings = {ASSET_TAGS = (); }; };
/* End PBXBuildFile section */

/* Begin PBXContainerItemProxy section */
		0F921F051BACAEF50057E12A /* PBXContainerItemProxy */ = {
			isa = PBXContainerItemProxy;
			containerPortal = 0F921EE81BACAEF40057E12A /* Project object */;
			proxyType = 1;
			remoteGlobalIDString = 0F921EEF1BACAEF40057E12A;
			remoteInfo = madLibs;
		};
		0F921F101BACAEF50057E12A /* PBXContainerItemProxy */ = {
			isa = PBXContainerItemProxy;
			containerPortal = 0F921EE81BACAEF40057E12A /* Project object */;
			proxyType = 1;
			remoteGlobalIDString = 0F921EEF1BACAEF40057E12A;
			remoteInfo = madLibs;
		};
/* End PBXContainerItemProxy section */

/* Begin PBXFileReference section */
		0F921EF01BACAEF50057E12A /* madLibs.app */ = {isa = PBXFileReference; explicitFileType = wrapper.application; includeInIndex = 0; path = madLibs.app; sourceTree = BUILT_PRODUCTS_DIR; };
		0F921EF31BACAEF50057E12A /* AppDelegate.swift */ = {isa = PBXFileReference; lastKnownFileType = sourcecode.swift; path = AppDelegate.swift; sourceTree = "<group>"; };
		0F921EF51BACAEF50057E12A /* ViewController.swift */ = {isa = PBXFileReference; lastKnownFileType = sourcecode.swift; path = ViewController.swift; sourceTree = "<group>"; };
		0F921EF81BACAEF50057E12A /* Base */ = {isa = PBXFileReference; lastKnownFileType = file.storyboard; name = Base; path = Base.lproj/Main.storyboard; sourceTree = "<group>"; };
		0F921EFA1BACAEF50057E12A /* Assets.xcassets */ = {isa = PBXFileReference; lastKnownFileType = folder.assetcatalog; path = Assets.xcassets; sourceTree = "<group>"; };
		0F921EFD1BACAEF50057E12A /* Base */ = {isa = PBXFileReference; lastKnownFileType = file.storyboard; name = Base; path = Base.lproj/LaunchScreen.storyboard; sourceTree = "<group>"; };
		0F921EFF1BACAEF50057E12A /* Info.plist */ = {isa = PBXFileReference; lastKnownFileType = text.plist.xml; path = Info.plist; sourceTree = "<group>"; };
		0F921F041BACAEF50057E12A /* madLibsTests.xctest */ = {isa = PBXFileReference; explicitFileType = wrapper.cfbundle; includeInIndex = 0; path = madLibsTests.xctest; sourceTree = BUILT_PRODUCTS_DIR; };
		0F921F081BACAEF50057E12A /* madLibsTests.swift */ = {isa = PBXFileReference; lastKnownFileType = sourcecode.swift; path = madLibsTests.swift; sourceTree = "<group>"; };
		0F921F0A1BACAEF50057E12A /* Info.plist */ = {isa = PBXFileReference; lastKnownFileType = text.plist.xml; path = Info.plist; sourceTree = "<group>"; };
		0F921F0F1BACAEF50057E12A /* madLibsUITests.xctest */ = {isa = PBXFileReference; explicitFileType = wrapper.cfbundle; includeInIndex = 0; path = madLibsUITests.xctest; sourceTree = BUILT_PRODUCTS_DIR; };
		0F921F131BACAEF50057E12A /* madLibsUITests.swift */ = {isa = PBXFileReference; lastKnownFileType = sourcecode.swift; path = madLibsUITests.swift; sourceTree = "<group>"; };
		0F921F151BACAEF50057E12A /* Info.plist */ = {isa = PBXFileReference; lastKnownFileType = text.plist.xml; path = Info.plist; sourceTree = "<group>"; };
		0F921F211BACB14C0057E12A /* SecondViewController.swift */ = {isa = PBXFileReference; fileEncoding = 4; lastKnownFileType = sourcecode.swift; path = SecondViewController.swift; sourceTree = "<group>"; };
		0F921F231BACB86C0057E12A /* ThirdViewController.swift */ = {isa = PBXFileReference; fileEncoding = 4; lastKnownFileType = sourcecode.swift; path = ThirdViewController.swift; sourceTree = "<group>"; };
		0F921F251BACBA3E0057E12A /* madlib0_simple.txt */ = {isa = PBXFileReference; fileEncoding = 4; lastKnownFileType = text; path = madlib0_simple.txt; sourceTree = "<group>"; };
		0F921F261BACBA3E0057E12A /* madlib1_tarzan.txt */ = {isa = PBXFileReference; fileEncoding = 4; lastKnownFileType = text; path = madlib1_tarzan.txt; sourceTree = "<group>"; };
		0F921F271BACBA3E0057E12A /* madlib2_university.txt */ = {isa = PBXFileReference; fileEncoding = 4; lastKnownFileType = text; path = madlib2_university.txt; sourceTree = "<group>"; };
		0F921F281BACBA3E0057E12A /* madlib3_clothes.txt */ = {isa = PBXFileReference; fileEncoding = 4; lastKnownFileType = text; path = madlib3_clothes.txt; sourceTree = "<group>"; };
		0F921F291BACBA3E0057E12A /* madlib4_dance.txt */ = {isa = PBXFileReference; fileEncoding = 4; lastKnownFileType = text; path = madlib4_dance.txt; sourceTree = "<group>"; };
		0F921F2F1BACBD440057E12A /* MadLibs.swift */ = {isa = PBXFileReference; fileEncoding = 4; lastKnownFileType = sourcecode.swift; path = MadLibs.swift; sourceTree = "<group>"; };
		0F921F311BACEBD80057E12A /* madlibs.png */ = {isa = PBXFileReference; lastKnownFileType = image.png; path = madlibs.png; sourceTree = "<group>"; };
/* End PBXFileReference section */

/* Begin PBXFrameworksBuildPhase section */
		0F921EED1BACAEF40057E12A /* Frameworks */ = {
			isa = PBXFrameworksBuildPhase;
			buildActionMask = 2147483647;
			files = (
			);
			runOnlyForDeploymentPostprocessing = 0;
		};
		0F921F011BACAEF50057E12A /* Frameworks */ = {
			isa = PBXFrameworksBuildPhase;
			buildActionMask = 2147483647;
			files = (
			);
			runOnlyForDeploymentPostprocessing = 0;
		};
		0F921F0C1BACAEF50057E12A /* Frameworks */ = {
			isa = PBXFrameworksBuildPhase;
			buildActionMask = 2147483647;
			files = (
			);
			runOnlyForDeploymentPostprocessing = 0;
		};
/* End PBXFrameworksBuildPhase section */

/* Begin PBXGroup section */
		0F921EE71BACAEF40057E12A = {
			isa = PBXGroup;
			children = (
				0F921EF21BACAEF50057E12A /* madLibs */,
				0F921F071BACAEF50057E12A /* madLibsTests */,
				0F921F121BACAEF50057E12A /* madLibsUITests */,
				0F921EF11BACAEF50057E12A /* Products */,
			);
			sourceTree = "<group>";
		};
		0F921EF11BACAEF50057E12A /* Products */ = {
			isa = PBXGroup;
			children = (
				0F921EF01BACAEF50057E12A /* madLibs.app */,
				0F921F041BACAEF50057E12A /* madLibsTests.xctest */,
				0F921F0F1BACAEF50057E12A /* madLibsUITests.xctest */,
			);
			name = Products;
			sourceTree = "<group>";
		};
		0F921EF21BACAEF50057E12A /* madLibs */ = {
			isa = PBXGroup;
			children = (
				0F921F251BACBA3E0057E12A /* madlib0_simple.txt */,
				0F921F261BACBA3E0057E12A /* madlib1_tarzan.txt */,
				0F921F271BACBA3E0057E12A /* madlib2_university.txt */,
				0F921F281BACBA3E0057E12A /* madlib3_clothes.txt */,
				0F921F291BACBA3E0057E12A /* madlib4_dance.txt */,
				0F921EF31BACAEF50057E12A /* AppDelegate.swift */,
				0F921EF51BACAEF50057E12A /* ViewController.swift */,
				0F921F2F1BACBD440057E12A /* MadLibs.swift */,
				0F921F211BACB14C0057E12A /* SecondViewController.swift */,
				0F921F231BACB86C0057E12A /* ThirdViewController.swift */,
				0F921EF71BACAEF50057E12A /* Main.storyboard */,
				0F921EFA1BACAEF50057E12A /* Assets.xcassets */,
				0F921EFC1BACAEF50057E12A /* LaunchScreen.storyboard */,
				0F921F311BACEBD80057E12A /* madlibs.png */,
				0F921EFF1BACAEF50057E12A /* Info.plist */,
			);
			path = madLibs;
			sourceTree = "<group>";
		};
		0F921F071BACAEF50057E12A /* madLibsTests */ = {
			isa = PBXGroup;
			children = (
				0F921F081BACAEF50057E12A /* madLibsTests.swift */,
				0F921F0A1BACAEF50057E12A /* Info.plist */,
			);
			path = madLibsTests;
			sourceTree = "<group>";
		};
		0F921F121BACAEF50057E12A /* madLibsUITests */ = {
			isa = PBXGroup;
			children = (
				0F921F131BACAEF50057E12A /* madLibsUITests.swift */,
				0F921F151BACAEF50057E12A /* Info.plist */,
			);
			path = madLibsUITests;
			sourceTree = "<group>";
		};
/* End PBXGroup section */

/* Begin PBXNativeTarget section */
		0F921EEF1BACAEF40057E12A /* madLibs */ = {
			isa = PBXNativeTarget;
			buildConfigurationList = 0F921F181BACAEF50057E12A /* Build configuration list for PBXNativeTarget "madLibs" */;
			buildPhases = (
				0F921EEC1BACAEF40057E12A /* Sources */,
				0F921EED1BACAEF40057E12A /* Frameworks */,
				0F921EEE1BACAEF40057E12A /* Resources */,
			);
			buildRules = (
			);
			dependencies = (
			);
			name = madLibs;
			productName = madLibs;
			productReference = 0F921EF01BACAEF50057E12A /* madLibs.app */;
			productType = "com.apple.product-type.application";
		};
		0F921F031BACAEF50057E12A /* madLibsTests */ = {
			isa = PBXNativeTarget;
			buildConfigurationList = 0F921F1B1BACAEF50057E12A /* Build configuration list for PBXNativeTarget "madLibsTests" */;
			buildPhases = (
				0F921F001BACAEF50057E12A /* Sources */,
				0F921F011BACAEF50057E12A /* Frameworks */,
				0F921F021BACAEF50057E12A /* Resources */,
			);
			buildRules = (
			);
			dependencies = (
				0F921F061BACAEF50057E12A /* PBXTargetDependency */,
			);
			name = madLibsTests;
			productName = madLibsTests;
			productReference = 0F921F041BACAEF50057E12A /* madLibsTests.xctest */;
			productType = "com.apple.product-type.bundle.unit-test";
		};
		0F921F0E1BACAEF50057E12A /* madLibsUITests */ = {
			isa = PBXNativeTarget;
			buildConfigurationList = 0F921F1E1BACAEF50057E12A /* Build configuration list for PBXNativeTarget "madLibsUITests" */;
			buildPhases = (
				0F921F0B1BACAEF50057E12A /* Sources */,
				0F921F0C1BACAEF50057E12A /* Frameworks */,
				0F921F0D1BACAEF50057E12A /* Resources */,
			);
			buildRules = (
			);
			dependencies = (
				0F921F111BACAEF50057E12A /* PBXTargetDependency */,
			);
			name = madLibsUITests;
			productName = madLibsUITests;
			productReference = 0F921F0F1BACAEF50057E12A /* madLibsUITests.xctest */;
			productType = "com.apple.product-type.bundle.ui-testing";
		};
/* End PBXNativeTarget section */

/* Begin PBXProject section */
		0F921EE81BACAEF40057E12A /* Project object */ = {
			isa = PBXProject;
			attributes = {
				LastUpgradeCheck = 0700;
				ORGANIZATIONNAME = "Roderick van der Weerdt";
				TargetAttributes = {
					0F921EEF1BACAEF40057E12A = {
						CreatedOnToolsVersion = 7.0;
						DevelopmentTeam = 76M4ZDD4NB;
					};
					0F921F031BACAEF50057E12A = {
						CreatedOnToolsVersion = 7.0;
						DevelopmentTeam = 76M4ZDD4NB;
						TestTargetID = 0F921EEF1BACAEF40057E12A;
					};
					0F921F0E1BACAEF50057E12A = {
						CreatedOnToolsVersion = 7.0;
						DevelopmentTeam = 76M4ZDD4NB;
						TestTargetID = 0F921EEF1BACAEF40057E12A;
					};
				};
			};
			buildConfigurationList = 0F921EEB1BACAEF40057E12A /* Build configuration list for PBXProject "madLibs" */;
			compatibilityVersion = "Xcode 3.2";
			developmentRegion = English;
			hasScannedForEncodings = 0;
			knownRegions = (
				en,
				Base,
			);
			mainGroup = 0F921EE71BACAEF40057E12A;
			productRefGroup = 0F921EF11BACAEF50057E12A /* Products */;
			projectDirPath = "";
			projectRoot = "";
			targets = (
				0F921EEF1BACAEF40057E12A /* madLibs */,
				0F921F031BACAEF50057E12A /* madLibsTests */,
				0F921F0E1BACAEF50057E12A /* madLibsUITests */,
			);
		};
/* End PBXProject section */

/* Begin PBXResourcesBuildPhase section */
		0F921EEE1BACAEF40057E12A /* Resources */ = {
			isa = PBXResourcesBuildPhase;
			buildActionMask = 2147483647;
			files = (
				0F921EFE1BACAEF50057E12A /* LaunchScreen.storyboard in Resources */,
				0F921F2D1BACBA3E0057E12A /* madlib3_clothes.txt in Resources */,
				0F921F2B1BACBA3E0057E12A /* madlib1_tarzan.txt in Resources */,
				0F921F321BACEBD80057E12A /* madlibs.png in Resources */,
				0F921EFB1BACAEF50057E12A /* Assets.xcassets in Resources */,
				0F921F2A1BACBA3E0057E12A /* madlib0_simple.txt in Resources */,
				0F921F2C1BACBA3E0057E12A /* madlib2_university.txt in Resources */,
				0F921F2E1BACBA3E0057E12A /* madlib4_dance.txt in Resources */,
				0F921EF91BACAEF50057E12A /* Main.storyboard in Resources */,
			);
			runOnlyForDeploymentPostprocessing = 0;
		};
		0F921F021BACAEF50057E12A /* Resources */ = {
			isa = PBXResourcesBuildPhase;
			buildActionMask = 2147483647;
			files = (
			);
			runOnlyForDeploymentPostprocessing = 0;
		};
		0F921F0D1BACAEF50057E12A /* Resources */ = {
			isa = PBXResourcesBuildPhase;
			buildActionMask = 2147483647;
			files = (
			);
			runOnlyForDeploymentPostprocessing = 0;
		};
/* End PBXResourcesBuildPhase section */

/* Begin PBXSourcesBuildPhase section */
		0F921EEC1BACAEF40057E12A /* Sources */ = {
			isa = PBXSourcesBuildPhase;
			buildActionMask = 2147483647;
			files = (
				0F921F221BACB14C0057E12A /* SecondViewController.swift in Sources */,
				0F921F301BACBD440057E12A /* MadLibs.swift in Sources */,
				0F921EF61BACAEF50057E12A /* ViewController.swift in Sources */,
				0F921F241BACB86C0057E12A /* ThirdViewController.swift in Sources */,
				0F921EF41BACAEF50057E12A /* AppDelegate.swift in Sources */,
			);
			runOnlyForDeploymentPostprocessing = 0;
		};
		0F921F001BACAEF50057E12A /* Sources */ = {
			isa = PBXSourcesBuildPhase;
			buildActionMask = 2147483647;
			files = (
				0F921F091BACAEF50057E12A /* madLibsTests.swift in Sources */,
			);
			runOnlyForDeploymentPostprocessing = 0;
		};
		0F921F0B1BACAEF50057E12A /* Sources */ = {
			isa = PBXSourcesBuildPhase;
			buildActionMask = 2147483647;
			files = (
				0F921F141BACAEF50057E12A /* madLibsUITests.swift in Sources */,
			);
			runOnlyForDeploymentPostprocessing = 0;
		};
/* End PBXSourcesBuildPhase section */

/* Begin PBXTargetDependency section */
		0F921F061BACAEF50057E12A /* PBXTargetDependency */ = {
			isa = PBXTargetDependency;
			target = 0F921EEF1BACAEF40057E12A /* madLibs */;
			targetProxy = 0F921F051BACAEF50057E12A /* PBXContainerItemProxy */;
		};
		0F921F111BACAEF50057E12A /* PBXTargetDependency */ = {
			isa = PBXTargetDependency;
			target = 0F921EEF1BACAEF40057E12A /* madLibs */;
			targetProxy = 0F921F101BACAEF50057E12A /* PBXContainerItemProxy */;
		};
/* End PBXTargetDependency section */

/* Begin PBXVariantGroup section */
		0F921EF71BACAEF50057E12A /* Main.storyboard */ = {
			isa = PBXVariantGroup;
			children = (
				0F921EF81BACAEF50057E12A /* Base */,
			);
			name = Main.storyboard;
			sourceTree = "<group>";
		};
		0F921EFC1BACAEF50057E12A /* LaunchScreen.storyboard */ = {
			isa = PBXVariantGroup;
			children = (
				0F921EFD1BACAEF50057E12A /* Base */,
			);
			name = LaunchScreen.storyboard;
			sourceTree = "<group>";
		};
/* End PBXVariantGroup section */

/* Begin XCBuildConfiguration section */
		0F921F161BACAEF50057E12A /* Debug */ = {
			isa = XCBuildConfiguration;
			buildSettings = {
				ALWAYS_SEARCH_USER_PATHS = NO;
				CLANG_CXX_LANGUAGE_STANDARD = "gnu++0x";
				CLANG_CXX_LIBRARY = "libc++";
				CLANG_ENABLE_MODULES = YES;
				CLANG_ENABLE_OBJC_ARC = YES;
				CLANG_WARN_BOOL_CONVERSION = YES;
				CLANG_WARN_CONSTANT_CONVERSION = YES;
				CLANG_WARN_DIRECT_OBJC_ISA_USAGE = YES_ERROR;
				CLANG_WARN_EMPTY_BODY = YES;
				CLANG_WARN_ENUM_CONVERSION = YES;
				CLANG_WARN_INT_CONVERSION = YES;
				CLANG_WARN_OBJC_ROOT_CLASS = YES_ERROR;
				CLANG_WARN_UNREACHABLE_CODE = YES;
				CLANG_WARN__DUPLICATE_METHOD_MATCH = YES;
				"CODE_SIGN_IDENTITY[sdk=iphoneos*]" = "iPhone Developer";
				COPY_PHASE_STRIP = NO;
				DEBUG_INFORMATION_FORMAT = dwarf;
				ENABLE_STRICT_OBJC_MSGSEND = YES;
				ENABLE_TESTABILITY = YES;
				GCC_C_LANGUAGE_STANDARD = gnu99;
				GCC_DYNAMIC_NO_PIC = NO;
				GCC_NO_COMMON_BLOCKS = YES;
				GCC_OPTIMIZATION_LEVEL = 0;
				GCC_PREPROCESSOR_DEFINITIONS = (
					"DEBUG=1",
					"$(inherited)",
				);
				GCC_WARN_64_TO_32_BIT_CONVERSION = YES;
				GCC_WARN_ABOUT_RETURN_TYPE = YES_ERROR;
				GCC_WARN_UNDECLARED_SELECTOR = YES;
				GCC_WARN_UNINITIALIZED_AUTOS = YES_AGGRESSIVE;
				GCC_WARN_UNUSED_FUNCTION = YES;
				GCC_WARN_UNUSED_VARIABLE = YES;
				IPHONEOS_DEPLOYMENT_TARGET = 9.0;
				MTL_ENABLE_DEBUG_INFO = YES;
				ONLY_ACTIVE_ARCH = YES;
				SDKROOT = iphoneos;
				SWIFT_OPTIMIZATION_LEVEL = "-Onone";
				TARGETED_DEVICE_FAMILY = "1,2";
			};
			name = Debug;
		};
		0F921F171BACAEF50057E12A /* Release */ = {
			isa = XCBuildConfiguration;
			buildSettings = {
				ALWAYS_SEARCH_USER_PATHS = NO;
				CLANG_CXX_LANGUAGE_STANDARD = "gnu++0x";
				CLANG_CXX_LIBRARY = "libc++";
				CLANG_ENABLE_MODULES = YES;
				CLANG_ENABLE_OBJC_ARC = YES;
				CLANG_WARN_BOOL_CONVERSION = YES;
				CLANG_WARN_CONSTANT_CONVERSION = YES;
				CLANG_WARN_DIRECT_OBJC_ISA_USAGE = YES_ERROR;
				CLANG_WARN_EMPTY_BODY = YES;
				CLANG_WARN_ENUM_CONVERSION = YES;
				CLANG_WARN_INT_CONVERSION = YES;
				CLANG_WARN_OBJC_ROOT_CLASS = YES_ERROR;
				CLANG_WARN_UNREACHABLE_CODE = YES;
				CLANG_WARN__DUPLICATE_METHOD_MATCH = YES;
				"CODE_SIGN_IDENTITY[sdk=iphoneos*]" = "iPhone Developer";
				COPY_PHASE_STRIP = NO;
				DEBUG_INFORMATION_FORMAT = "dwarf-with-dsym";
				ENABLE_NS_ASSERTIONS = NO;
				ENABLE_STRICT_OBJC_MSGSEND = YES;
				GCC_C_LANGUAGE_STANDARD = gnu99;
				GCC_NO_COMMON_BLOCKS = YES;
				GCC_WARN_64_TO_32_BIT_CONVERSION = YES;
				GCC_WARN_ABOUT_RETURN_TYPE = YES_ERROR;
				GCC_WARN_UNDECLARED_SELECTOR = YES;
				GCC_WARN_UNINITIALIZED_AUTOS = YES_AGGRESSIVE;
				GCC_WARN_UNUSED_FUNCTION = YES;
				GCC_WARN_UNUSED_VARIABLE = YES;
				IPHONEOS_DEPLOYMENT_TARGET = 9.0;
				MTL_ENABLE_DEBUG_INFO = NO;
				SDKROOT = iphoneos;
				TARGETED_DEVICE_FAMILY = "1,2";
				VALIDATE_PRODUCT = YES;
			};
			name = Release;
		};
		0F921F191BACAEF50057E12A /* Debug */ = {
			isa = XCBuildConfiguration;
			buildSettings = {
				ASSETCATALOG_COMPILER_APPICON_NAME = AppIcon;
				INFOPLIST_FILE = madLibs/Info.plist;
				LD_RUNPATH_SEARCH_PATHS = "$(inherited) @executable_path/Frameworks";
				PRODUCT_BUNDLE_IDENTIFIER = Nimbostratus.madLibs;
				PRODUCT_NAME = "$(TARGET_NAME)";
			};
			name = Debug;
		};
		0F921F1A1BACAEF50057E12A /* Release */ = {
			isa = XCBuildConfiguration;
			buildSettings = {
				ASSETCATALOG_COMPILER_APPICON_NAME = AppIcon;
				INFOPLIST_FILE = madLibs/Info.plist;
				LD_RUNPATH_SEARCH_PATHS = "$(inherited) @executable_path/Frameworks";
				PRODUCT_BUNDLE_IDENTIFIER = Nimbostratus.madLibs;
				PRODUCT_NAME = "$(TARGET_NAME)";
			};
			name = Release;
		};
		0F921F1C1BACAEF50057E12A /* Debug */ = {
			isa = XCBuildConfiguration;
			buildSettings = {
				BUNDLE_LOADER = "$(TEST_HOST)";
				INFOPLIST_FILE = madLibsTests/Info.plist;
				LD_RUNPATH_SEARCH_PATHS = "$(inherited) @executable_path/Frameworks @loader_path/Frameworks";
				PRODUCT_BUNDLE_IDENTIFIER = Nimbostratus.madLibsTests;
				PRODUCT_NAME = "$(TARGET_NAME)";
				TEST_HOST = "$(BUILT_PRODUCTS_DIR)/madLibs.app/madLibs";
			};
			name = Debug;
		};
		0F921F1D1BACAEF50057E12A /* Release */ = {
			isa = XCBuildConfiguration;
			buildSettings = {
				BUNDLE_LOADER = "$(TEST_HOST)";
				INFOPLIST_FILE = madLibsTests/Info.plist;
				LD_RUNPATH_SEARCH_PATHS = "$(inherited) @executable_path/Frameworks @loader_path/Frameworks";
				PRODUCT_BUNDLE_IDENTIFIER = Nimbostratus.madLibsTests;
				PRODUCT_NAME = "$(TARGET_NAME)";
				TEST_HOST = "$(BUILT_PRODUCTS_DIR)/madLibs.app/madLibs";
			};
			name = Release;
		};
		0F921F1F1BACAEF50057E12A /* Debug */ = {
			isa = XCBuildConfiguration;
			buildSettings = {
				INFOPLIST_FILE = madLibsUITests/Info.plist;
				LD_RUNPATH_SEARCH_PATHS = "$(inherited) @executable_path/Frameworks @loader_path/Frameworks";
				PRODUCT_BUNDLE_IDENTIFIER = Nimbostratus.madLibsUITests;
				PRODUCT_NAME = "$(TARGET_NAME)";
				TEST_TARGET_NAME = madLibs;
				USES_XCTRUNNER = YES;
			};
			name = Debug;
		};
		0F921F201BACAEF50057E12A /* Release */ = {
			isa = XCBuildConfiguration;
			buildSettings = {
				INFOPLIST_FILE = madLibsUITests/Info.plist;
				LD_RUNPATH_SEARCH_PATHS = "$(inherited) @executable_path/Frameworks @loader_path/Frameworks";
				PRODUCT_BUNDLE_IDENTIFIER = Nimbostratus.madLibsUITests;
				PRODUCT_NAME = "$(TARGET_NAME)";
				TEST_TARGET_NAME = madLibs;
				USES_XCTRUNNER = YES;
			};
			name = Release;
		};
/* End XCBuildConfiguration section */

/* Begin XCConfigurationList section */
		0F921EEB1BACAEF40057E12A /* Build configuration list for PBXProject "madLibs" */ = {
			isa = XCConfigurationList;
			buildConfigurations = (
				0F921F161BACAEF50057E12A /* Debug */,
				0F921F171BACAEF50057E12A /* Release */,
			);
			defaultConfigurationIsVisible = 0;
			defaultConfigurationName = Release;
		};
		0F921F181BACAEF50057E12A /* Build configuration list for PBXNativeTarget "madLibs" */ = {
			isa = XCConfigurationList;
			buildConfigurations = (
				0F921F191BACAEF50057E12A /* Debug */,
				0F921F1A1BACAEF50057E12A /* Release */,
			);
			defaultConfigurationIsVisible = 0;
		};
		0F921F1B1BACAEF50057E12A /* Build configuration list for PBXNativeTarget "madLibsTests" */ = {
			isa = XCConfigurationList;
			buildConfigurations = (
				0F921F1C1BACAEF50057E12A /* Debug */,
				0F921F1D1BACAEF50057E12A /* Release */,
			);
			defaultConfigurationIsVisible = 0;
		};
		0F921F1E1BACAEF50057E12A /* Build configuration list for PBXNativeTarget "madLibsUITests" */ = {
			isa = XCConfigurationList;
			buildConfigurations = (
				0F921F1F1BACAEF50057E12A /* Debug */,
				0F921F201BACAEF50057E12A /* Release */,
			);
			defaultConfigurationIsVisible = 0;
		};
/* End XCConfigurationList section */
	};
	rootObject = 0F921EE81BACAEF40057E12A /* Project object */;
}
