// !$*UTF8*$!
{
	archiveVersion = 1;
	classes = {
	};
	objectVersion = 46;
	objects = {

/* Begin PBXBuildFile section */
		0FD9EB131B9A295800D28B4E /* AppDelegate.swift in Sources */ = {isa = PBXBuildFile; fileRef = 0FD9EB121B9A295800D28B4E /* AppDelegate.swift */; };
		0FD9EB151B9A295800D28B4E /* ViewController.swift in Sources */ = {isa = PBXBuildFile; fileRef = 0FD9EB141B9A295800D28B4E /* ViewController.swift */; };
		0FD9EB181B9A295800D28B4E /* Main.storyboard in Resources */ = {isa = PBXBuildFile; fileRef = 0FD9EB161B9A295800D28B4E /* Main.storyboard */; };
		0FD9EB1A1B9A295800D28B4E /* Images.xcassets in Resources */ = {isa = PBXBuildFile; fileRef = 0FD9EB191B9A295800D28B4E /* Images.xcassets */; };
		0FD9EB1D1B9A295800D28B4E /* LaunchScreen.xib in Resources */ = {isa = PBXBuildFile; fileRef = 0FD9EB1B1B9A295800D28B4E /* LaunchScreen.xib */; };
		0FD9EB291B9A295800D28B4E /* RandomNumberGuesserTests.swift in Sources */ = {isa = PBXBuildFile; fileRef = 0FD9EB281B9A295800D28B4E /* RandomNumberGuesserTests.swift */; };
		0FD9EB351B9A38A600D28B4E /* RandomNumberGame.swift in Sources */ = {isa = PBXBuildFile; fileRef = 0FD9EB341B9A38A600D28B4E /* RandomNumberGame.swift */; };
/* End PBXBuildFile section */

/* Begin PBXContainerItemProxy section */
		0FD9EB231B9A295800D28B4E /* PBXContainerItemProxy */ = {
			isa = PBXContainerItemProxy;
			containerPortal = 0FD9EB051B9A295800D28B4E /* Project object */;
			proxyType = 1;
			remoteGlobalIDString = 0FD9EB0C1B9A295800D28B4E;
			remoteInfo = RandomNumberGuesser;
		};
/* End PBXContainerItemProxy section */

/* Begin PBXFileReference section */
		0FD9EB0D1B9A295800D28B4E /* RandomNumberGuesser.app */ = {isa = PBXFileReference; explicitFileType = wrapper.application; includeInIndex = 0; path = RandomNumberGuesser.app; sourceTree = BUILT_PRODUCTS_DIR; };
		0FD9EB111B9A295800D28B4E /* Info.plist */ = {isa = PBXFileReference; lastKnownFileType = text.plist.xml; path = Info.plist; sourceTree = "<group>"; };
		0FD9EB121B9A295800D28B4E /* AppDelegate.swift */ = {isa = PBXFileReference; lastKnownFileType = sourcecode.swift; path = AppDelegate.swift; sourceTree = "<group>"; };
		0FD9EB141B9A295800D28B4E /* ViewController.swift */ = {isa = PBXFileReference; lastKnownFileType = sourcecode.swift; path = ViewController.swift; sourceTree = "<group>"; };
		0FD9EB171B9A295800D28B4E /* Base */ = {isa = PBXFileReference; lastKnownFileType = file.storyboard; name = Base; path = Base.lproj/Main.storyboard; sourceTree = "<group>"; };
		0FD9EB191B9A295800D28B4E /* Images.xcassets */ = {isa = PBXFileReference; lastKnownFileType = folder.assetcatalog; path = Images.xcassets; sourceTree = "<group>"; };
		0FD9EB1C1B9A295800D28B4E /* Base */ = {isa = PBXFileReference; lastKnownFileType = file.xib; name = Base; path = Base.lproj/LaunchScreen.xib; sourceTree = "<group>"; };
		0FD9EB221B9A295800D28B4E /* RandomNumberGuesserTests.xctest */ = {isa = PBXFileReference; explicitFileType = wrapper.cfbundle; includeInIndex = 0; path = RandomNumberGuesserTests.xctest; sourceTree = BUILT_PRODUCTS_DIR; };
		0FD9EB271B9A295800D28B4E /* Info.plist */ = {isa = PBXFileReference; lastKnownFileType = text.plist.xml; path = Info.plist; sourceTree = "<group>"; };
		0FD9EB281B9A295800D28B4E /* RandomNumberGuesserTests.swift */ = {isa = PBXFileReference; lastKnownFileType = sourcecode.swift; path = RandomNumberGuesserTests.swift; sourceTree = "<group>"; };
		0FD9EB341B9A38A600D28B4E /* RandomNumberGame.swift */ = {isa = PBXFileReference; fileEncoding = 4; lastKnownFileType = sourcecode.swift; path = RandomNumberGame.swift; sourceTree = "<group>"; };
/* End PBXFileReference section */

/* Begin PBXFrameworksBuildPhase section */
		0FD9EB0A1B9A295800D28B4E /* Frameworks */ = {
			isa = PBXFrameworksBuildPhase;
			buildActionMask = 2147483647;
			files = (
			);
			runOnlyForDeploymentPostprocessing = 0;
		};
		0FD9EB1F1B9A295800D28B4E /* Frameworks */ = {
			isa = PBXFrameworksBuildPhase;
			buildActionMask = 2147483647;
			files = (
			);
			runOnlyForDeploymentPostprocessing = 0;
		};
/* End PBXFrameworksBuildPhase section */

/* Begin PBXGroup section */
		0FD9EB041B9A295800D28B4E = {
			isa = PBXGroup;
			children = (
				0FD9EB0F1B9A295800D28B4E /* RandomNumberGuesser */,
				0FD9EB251B9A295800D28B4E /* RandomNumberGuesserTests */,
				0FD9EB0E1B9A295800D28B4E /* Products */,
			);
			sourceTree = "<group>";
		};
		0FD9EB0E1B9A295800D28B4E /* Products */ = {
			isa = PBXGroup;
			children = (
				0FD9EB0D1B9A295800D28B4E /* RandomNumberGuesser.app */,
				0FD9EB221B9A295800D28B4E /* RandomNumberGuesserTests.xctest */,
			);
			name = Products;
			sourceTree = "<group>";
		};
		0FD9EB0F1B9A295800D28B4E /* RandomNumberGuesser */ = {
			isa = PBXGroup;
			children = (
				0FD9EB341B9A38A600D28B4E /* RandomNumberGame.swift */,
				0FD9EB121B9A295800D28B4E /* AppDelegate.swift */,
				0FD9EB141B9A295800D28B4E /* ViewController.swift */,
				0FD9EB161B9A295800D28B4E /* Main.storyboard */,
				0FD9EB191B9A295800D28B4E /* Images.xcassets */,
				0FD9EB1B1B9A295800D28B4E /* LaunchScreen.xib */,
				0FD9EB101B9A295800D28B4E /* Supporting Files */,
			);
			path = RandomNumberGuesser;
			sourceTree = "<group>";
		};
		0FD9EB101B9A295800D28B4E /* Supporting Files */ = {
			isa = PBXGroup;
			children = (
				0FD9EB111B9A295800D28B4E /* Info.plist */,
			);
			name = "Supporting Files";
			sourceTree = "<group>";
		};
		0FD9EB251B9A295800D28B4E /* RandomNumberGuesserTests */ = {
			isa = PBXGroup;
			children = (
				0FD9EB281B9A295800D28B4E /* RandomNumberGuesserTests.swift */,
				0FD9EB261B9A295800D28B4E /* Supporting Files */,
			);
			path = RandomNumberGuesserTests;
			sourceTree = "<group>";
		};
		0FD9EB261B9A295800D28B4E /* Supporting Files */ = {
			isa = PBXGroup;
			children = (
				0FD9EB271B9A295800D28B4E /* Info.plist */,
			);
			name = "Supporting Files";
			sourceTree = "<group>";
		};
/* End PBXGroup section */

/* Begin PBXNativeTarget section */
		0FD9EB0C1B9A295800D28B4E /* RandomNumberGuesser */ = {
			isa = PBXNativeTarget;
			buildConfigurationList = 0FD9EB2C1B9A295800D28B4E /* Build configuration list for PBXNativeTarget "RandomNumberGuesser" */;
			buildPhases = (
				0FD9EB091B9A295800D28B4E /* Sources */,
				0FD9EB0A1B9A295800D28B4E /* Frameworks */,
				0FD9EB0B1B9A295800D28B4E /* Resources */,
			);
			buildRules = (
			);
			dependencies = (
			);
			name = RandomNumberGuesser;
			productName = RandomNumberGuesser;
			productReference = 0FD9EB0D1B9A295800D28B4E /* RandomNumberGuesser.app */;
			productType = "com.apple.product-type.application";
		};
		0FD9EB211B9A295800D28B4E /* RandomNumberGuesserTests */ = {
			isa = PBXNativeTarget;
			buildConfigurationList = 0FD9EB2F1B9A295800D28B4E /* Build configuration list for PBXNativeTarget "RandomNumberGuesserTests" */;
			buildPhases = (
				0FD9EB1E1B9A295800D28B4E /* Sources */,
				0FD9EB1F1B9A295800D28B4E /* Frameworks */,
				0FD9EB201B9A295800D28B4E /* Resources */,
			);
			buildRules = (
			);
			dependencies = (
				0FD9EB241B9A295800D28B4E /* PBXTargetDependency */,
			);
			name = RandomNumberGuesserTests;
			productName = RandomNumberGuesserTests;
			productReference = 0FD9EB221B9A295800D28B4E /* RandomNumberGuesserTests.xctest */;
			productType = "com.apple.product-type.bundle.unit-test";
		};
/* End PBXNativeTarget section */

/* Begin PBXProject section */
		0FD9EB051B9A295800D28B4E /* Project object */ = {
			isa = PBXProject;
			attributes = {
				LastUpgradeCheck = 0640;
				ORGANIZATIONNAME = "Roderick van der Weerdt";
				TargetAttributes = {
					0FD9EB0C1B9A295800D28B4E = {
						CreatedOnToolsVersion = 6.4;
					};
					0FD9EB211B9A295800D28B4E = {
						CreatedOnToolsVersion = 6.4;
						TestTargetID = 0FD9EB0C1B9A295800D28B4E;
					};
				};
			};
			buildConfigurationList = 0FD9EB081B9A295800D28B4E /* Build configuration list for PBXProject "RandomNumberGuesser" */;
			compatibilityVersion = "Xcode 3.2";
			developmentRegion = English;
			hasScannedForEncodings = 0;
			knownRegions = (
				en,
				Base,
			);
			mainGroup = 0FD9EB041B9A295800D28B4E;
			productRefGroup = 0FD9EB0E1B9A295800D28B4E /* Products */;
			projectDirPath = "";
			projectRoot = "";
			targets = (
				0FD9EB0C1B9A295800D28B4E /* RandomNumberGuesser */,
				0FD9EB211B9A295800D28B4E /* RandomNumberGuesserTests */,
			);
		};
/* End PBXProject section */

/* Begin PBXResourcesBuildPhase section */
		0FD9EB0B1B9A295800D28B4E /* Resources */ = {
			isa = PBXResourcesBuildPhase;
			buildActionMask = 2147483647;
			files = (
				0FD9EB181B9A295800D28B4E /* Main.storyboard in Resources */,
				0FD9EB1D1B9A295800D28B4E /* LaunchScreen.xib in Resources */,
				0FD9EB1A1B9A295800D28B4E /* Images.xcassets in Resources */,
			);
			runOnlyForDeploymentPostprocessing = 0;
		};
		0FD9EB201B9A295800D28B4E /* Resources */ = {
			isa = PBXResourcesBuildPhase;
			buildActionMask = 2147483647;
			files = (
			);
			runOnlyForDeploymentPostprocessing = 0;
		};
/* End PBXResourcesBuildPhase section */

/* Begin PBXSourcesBuildPhase section */
		0FD9EB091B9A295800D28B4E /* Sources */ = {
			isa = PBXSourcesBuildPhase;
			buildActionMask = 2147483647;
			files = (
				0FD9EB151B9A295800D28B4E /* ViewController.swift in Sources */,
				0FD9EB351B9A38A600D28B4E /* RandomNumberGame.swift in Sources */,
				0FD9EB131B9A295800D28B4E /* AppDelegate.swift in Sources */,
			);
			runOnlyForDeploymentPostprocessing = 0;
		};
		0FD9EB1E1B9A295800D28B4E /* Sources */ = {
			isa = PBXSourcesBuildPhase;
			buildActionMask = 2147483647;
			files = (
				0FD9EB291B9A295800D28B4E /* RandomNumberGuesserTests.swift in Sources */,
			);
			runOnlyForDeploymentPostprocessing = 0;
		};
/* End PBXSourcesBuildPhase section */

/* Begin PBXTargetDependency section */
		0FD9EB241B9A295800D28B4E /* PBXTargetDependency */ = {
			isa = PBXTargetDependency;
			target = 0FD9EB0C1B9A295800D28B4E /* RandomNumberGuesser */;
			targetProxy = 0FD9EB231B9A295800D28B4E /* PBXContainerItemProxy */;
		};
/* End PBXTargetDependency section */

/* Begin PBXVariantGroup section */
		0FD9EB161B9A295800D28B4E /* Main.storyboard */ = {
			isa = PBXVariantGroup;
			children = (
				0FD9EB171B9A295800D28B4E /* Base */,
			);
			name = Main.storyboard;
			sourceTree = "<group>";
		};
		0FD9EB1B1B9A295800D28B4E /* LaunchScreen.xib */ = {
			isa = PBXVariantGroup;
			children = (
				0FD9EB1C1B9A295800D28B4E /* Base */,
			);
			name = LaunchScreen.xib;
			sourceTree = "<group>";
		};
/* End PBXVariantGroup section */

/* Begin XCBuildConfiguration section */
		0FD9EB2A1B9A295800D28B4E /* Debug */ = {
			isa = XCBuildConfiguration;
			buildSettings = {
				ALWAYS_SEARCH_USER_PATHS = NO;
				CLANG_CXX_LANGUAGE_STANDARD = "gnu++0x";
				CLANG_CXX_LIBRARY = "libc++";
				CLANG_ENABLE_MODULES = YES;
				CLANG_ENABLE_OBJC_ARC = YES;
				CLANG_WARN_BOOL_CONVERSION = YES;
				CLANG_WARN_CONSTANT_CONVERSION = YES;
				CLANG_WARN_DIRECT_OBJC_ISA_USAGE = YES_ERROR;
				CLANG_WARN_EMPTY_BODY = YES;
				CLANG_WARN_ENUM_CONVERSION = YES;
				CLANG_WARN_INT_CONVERSION = YES;
				CLANG_WARN_OBJC_ROOT_CLASS = YES_ERROR;
				CLANG_WARN_UNREACHABLE_CODE = YES;
				CLANG_WARN__DUPLICATE_METHOD_MATCH = YES;
				"CODE_SIGN_IDENTITY[sdk=iphoneos*]" = "iPhone Developer";
				COPY_PHASE_STRIP = NO;
				DEBUG_INFORMATION_FORMAT = "dwarf-with-dsym";
				ENABLE_STRICT_OBJC_MSGSEND = YES;
				GCC_C_LANGUAGE_STANDARD = gnu99;
				GCC_DYNAMIC_NO_PIC = NO;
				GCC_NO_COMMON_BLOCKS = YES;
				GCC_OPTIMIZATION_LEVEL = 0;
				GCC_PREPROCESSOR_DEFINITIONS = (
					"DEBUG=1",
					"$(inherited)",
				);
				GCC_SYMBOLS_PRIVATE_EXTERN = NO;
				GCC_WARN_64_TO_32_BIT_CONVERSION = YES;
				GCC_WARN_ABOUT_RETURN_TYPE = YES_ERROR;
				GCC_WARN_UNDECLARED_SELECTOR = YES;
				GCC_WARN_UNINITIALIZED_AUTOS = YES_AGGRESSIVE;
				GCC_WARN_UNUSED_FUNCTION = YES;
				GCC_WARN_UNUSED_VARIABLE = YES;
				IPHONEOS_DEPLOYMENT_TARGET = 8.4;
				MTL_ENABLE_DEBUG_INFO = YES;
				ONLY_ACTIVE_ARCH = YES;
				SDKROOT = iphoneos;
				SWIFT_OPTIMIZATION_LEVEL = "-Onone";
				TARGETED_DEVICE_FAMILY = "1,2";
			};
			name = Debug;
		};
		0FD9EB2B1B9A295800D28B4E /* Release */ = {
			isa = XCBuildConfiguration;
			buildSettings = {
				ALWAYS_SEARCH_USER_PATHS = NO;
				CLANG_CXX_LANGUAGE_STANDARD = "gnu++0x";
				CLANG_CXX_LIBRARY = "libc++";
				CLANG_ENABLE_MODULES = YES;
				CLANG_ENABLE_OBJC_ARC = YES;
				CLANG_WARN_BOOL_CONVERSION = YES;
				CLANG_WARN_CONSTANT_CONVERSION = YES;
				CLANG_WARN_DIRECT_OBJC_ISA_USAGE = YES_ERROR;
				CLANG_WARN_EMPTY_BODY = YES;
				CLANG_WARN_ENUM_CONVERSION = YES;
				CLANG_WARN_INT_CONVERSION = YES;
				CLANG_WARN_OBJC_ROOT_CLASS = YES_ERROR;
				CLANG_WARN_UNREACHABLE_CODE = YES;
				CLANG_WARN__DUPLICATE_METHOD_MATCH = YES;
				"CODE_SIGN_IDENTITY[sdk=iphoneos*]" = "iPhone Developer";
				COPY_PHASE_STRIP = NO;
				DEBUG_INFORMATION_FORMAT = "dwarf-with-dsym";
				ENABLE_NS_ASSERTIONS = NO;
				ENABLE_STRICT_OBJC_MSGSEND = YES;
				GCC_C_LANGUAGE_STANDARD = gnu99;
				GCC_NO_COMMON_BLOCKS = YES;
				GCC_WARN_64_TO_32_BIT_CONVERSION = YES;
				GCC_WARN_ABOUT_RETURN_TYPE = YES_ERROR;
				GCC_WARN_UNDECLARED_SELECTOR = YES;
				GCC_WARN_UNINITIALIZED_AUTOS = YES_AGGRESSIVE;
				GCC_WARN_UNUSED_FUNCTION = YES;
				GCC_WARN_UNUSED_VARIABLE = YES;
				IPHONEOS_DEPLOYMENT_TARGET = 8.4;
				MTL_ENABLE_DEBUG_INFO = NO;
				SDKROOT = iphoneos;
				TARGETED_DEVICE_FAMILY = "1,2";
				VALIDATE_PRODUCT = YES;
			};
			name = Release;
		};
		0FD9EB2D1B9A295800D28B4E /* Debug */ = {
			isa = XCBuildConfiguration;
			buildSettings = {
				ASSETCATALOG_COMPILER_APPICON_NAME = AppIcon;
				INFOPLIST_FILE = RandomNumberGuesser/Info.plist;
				LD_RUNPATH_SEARCH_PATHS = "$(inherited) @executable_path/Frameworks";
				PRODUCT_NAME = "$(TARGET_NAME)";
			};
			name = Debug;
		};
		0FD9EB2E1B9A295800D28B4E /* Release */ = {
			isa = XCBuildConfiguration;
			buildSettings = {
				ASSETCATALOG_COMPILER_APPICON_NAME = AppIcon;
				INFOPLIST_FILE = RandomNumberGuesser/Info.plist;
				LD_RUNPATH_SEARCH_PATHS = "$(inherited) @executable_path/Frameworks";
				PRODUCT_NAME = "$(TARGET_NAME)";
			};
			name = Release;
		};
		0FD9EB301B9A295800D28B4E /* Debug */ = {
			isa = XCBuildConfiguration;
			buildSettings = {
				BUNDLE_LOADER = "$(TEST_HOST)";
				FRAMEWORK_SEARCH_PATHS = (
					"$(SDKROOT)/Developer/Library/Frameworks",
					"$(inherited)",
				);
				GCC_PREPROCESSOR_DEFINITIONS = (
					"DEBUG=1",
					"$(inherited)",
				);
				INFOPLIST_FILE = RandomNumberGuesserTests/Info.plist;
				LD_RUNPATH_SEARCH_PATHS = "$(inherited) @executable_path/Frameworks @loader_path/Frameworks";
				PRODUCT_NAME = "$(TARGET_NAME)";
				TEST_HOST = "$(BUILT_PRODUCTS_DIR)/RandomNumberGuesser.app/RandomNumberGuesser";
			};
			name = Debug;
		};
		0FD9EB311B9A295800D28B4E /* Release */ = {
			isa = XCBuildConfiguration;
			buildSettings = {
				BUNDLE_LOADER = "$(TEST_HOST)";
				FRAMEWORK_SEARCH_PATHS = (
					"$(SDKROOT)/Developer/Library/Frameworks",
					"$(inherited)",
				);
				INFOPLIST_FILE = RandomNumberGuesserTests/Info.plist;
				LD_RUNPATH_SEARCH_PATHS = "$(inherited) @executable_path/Frameworks @loader_path/Frameworks";
				PRODUCT_NAME = "$(TARGET_NAME)";
				TEST_HOST = "$(BUILT_PRODUCTS_DIR)/RandomNumberGuesser.app/RandomNumberGuesser";
			};
			name = Release;
		};
/* End XCBuildConfiguration section */

/* Begin XCConfigurationList section */
		0FD9EB081B9A295800D28B4E /* Build configuration list for PBXProject "RandomNumberGuesser" */ = {
			isa = XCConfigurationList;
			buildConfigurations = (
				0FD9EB2A1B9A295800D28B4E /* Debug */,
				0FD9EB2B1B9A295800D28B4E /* Release */,
			);
			defaultConfigurationIsVisible = 0;
			defaultConfigurationName = Release;
		};
		0FD9EB2C1B9A295800D28B4E /* Build configuration list for PBXNativeTarget "RandomNumberGuesser" */ = {
			isa = XCConfigurationList;
			buildConfigurations = (
				0FD9EB2D1B9A295800D28B4E /* Debug */,
				0FD9EB2E1B9A295800D28B4E /* Release */,
			);
			defaultConfigurationIsVisible = 0;
		};
		0FD9EB2F1B9A295800D28B4E /* Build configuration list for PBXNativeTarget "RandomNumberGuesserTests" */ = {
			isa = XCConfigurationList;
			buildConfigurations = (
				0FD9EB301B9A295800D28B4E /* Debug */,
				0FD9EB311B9A295800D28B4E /* Release */,
			);
			defaultConfigurationIsVisible = 0;
		};
/* End XCConfigurationList section */
	};
	rootObject = 0FD9EB051B9A295800D28B4E /* Project object */;
}
